// !$*UTF8*$!
{
	archiveVersion = 1;
	classes = {
	};
	objectVersion = 54;
	objects = {

/* Begin PBXBuildFile section */
		00E356F31AD99517003FC87E /* hangboardappTests.m in Sources */ = {isa = PBXBuildFile; fileRef = 00E356F21AD99517003FC87E /* hangboardappTests.m */; };
		13B07FBC1A68108700A75B9A /* AppDelegate.m in Sources */ = {isa = PBXBuildFile; fileRef = 13B07FB01A68108700A75B9A /* AppDelegate.m */; };
		13B07FBF1A68108700A75B9A /* Images.xcassets in Resources */ = {isa = PBXBuildFile; fileRef = 13B07FB51A68108700A75B9A /* Images.xcassets */; };
		13B07FC11A68108700A75B9A /* main.m in Sources */ = {isa = PBXBuildFile; fileRef = 13B07FB71A68108700A75B9A /* main.m */; };
		3154D6B6266A9E05009837D5 /* ready.mp3 in Resources */ = {isa = PBXBuildFile; fileRef = 3154D6B5266A9E05009837D5 /* ready.mp3 */; };
		3178BDE22669A95600C356D4 /* starthang.mp3 in Resources */ = {isa = PBXBuildFile; fileRef = 3178BDE02669A95600C356D4 /* starthang.mp3 */; };
		3178BDE32669A95600C356D4 /* stophang.mp3 in Resources */ = {isa = PBXBuildFile; fileRef = 3178BDE12669A95600C356D4 /* stophang.mp3 */; };
		81AB9BB82411601600AC10FF /* LaunchScreen.storyboard in Resources */ = {isa = PBXBuildFile; fileRef = 81AB9BB72411601600AC10FF /* LaunchScreen.storyboard */; };
		DC1BF73273A949792958F2FD /* Pods_hangboardapp_hangboardappTests.framework in Frameworks */ = {isa = PBXBuildFile; fileRef = 84AC78CA7499B73DFCDA4642 /* Pods_hangboardapp_hangboardappTests.framework */; };
		E3C7B11C2660F8A5008ECD00 /* AppDelegate.m in Sources */ = {isa = PBXBuildFile; fileRef = 13B07FB01A68108700A75B9A /* AppDelegate.m */; };
		E3C7B11D2660F8A5008ECD00 /* main.m in Sources */ = {isa = PBXBuildFile; fileRef = 13B07FB71A68108700A75B9A /* main.m */; };
		E3C7B1212660F8A5008ECD00 /* 1.mp3 in Resources */ = {isa = PBXBuildFile; fileRef = E3FAB1772660269900E6C2C8 /* 1.mp3 */; };
		E3C7B1222660F8A5008ECD00 /* 5.mp3 in Resources */ = {isa = PBXBuildFile; fileRef = E3FAB1792660269900E6C2C8 /* 5.mp3 */; };
		E3C7B1232660F8A5008ECD00 /* 8.mp3 in Resources */ = {isa = PBXBuildFile; fileRef = E3FAB1712660269900E6C2C8 /* 8.mp3 */; };
		E3C7B1242660F8A5008ECD00 /* 3.mp3 in Resources */ = {isa = PBXBuildFile; fileRef = E3FAB16F2660269900E6C2C8 /* 3.mp3 */; };
		E3C7B1252660F8A5008ECD00 /* 2.mp3 in Resources */ = {isa = PBXBuildFile; fileRef = E3FAB1702660269900E6C2C8 /* 2.mp3 */; };
		E3C7B1262660F8A5008ECD00 /* LaunchScreen.storyboard in Resources */ = {isa = PBXBuildFile; fileRef = 81AB9BB72411601600AC10FF /* LaunchScreen.storyboard */; };
		E3C7B1272660F8A5008ECD00 /* 9.mp3 in Resources */ = {isa = PBXBuildFile; fileRef = E3FAB1742660269900E6C2C8 /* 9.mp3 */; };
		E3C7B1282660F8A5008ECD00 /* 7.mp3 in Resources */ = {isa = PBXBuildFile; fileRef = E3FAB1782660269900E6C2C8 /* 7.mp3 */; };
		E3C7B1292660F8A5008ECD00 /* failed.mp3 in Resources */ = {isa = PBXBuildFile; fileRef = E3FAB1752660269900E6C2C8 /* failed.mp3 */; };
		E3C7B12A2660F8A5008ECD00 /* Images.xcassets in Resources */ = {isa = PBXBuildFile; fileRef = 13B07FB51A68108700A75B9A /* Images.xcassets */; };
		E3C7B12B2660F8A5008ECD00 /* 10.mp3 in Resources */ = {isa = PBXBuildFile; fileRef = E3FAB1722660269900E6C2C8 /* 10.mp3 */; };
		E3C7B12C2660F8A5008ECD00 /* 4.mp3 in Resources */ = {isa = PBXBuildFile; fileRef = E3FAB17A2660269900E6C2C8 /* 4.mp3 */; };
		E3C7B12D2660F8A5008ECD00 /* done.mp3 in Resources */ = {isa = PBXBuildFile; fileRef = E3FAB1732660269900E6C2C8 /* done.mp3 */; };
		E3C7B12E2660F8A5008ECD00 /* 6.mp3 in Resources */ = {isa = PBXBuildFile; fileRef = E3FAB1762660269900E6C2C8 /* 6.mp3 */; };
		E3FAB17B2660269900E6C2C8 /* 3.mp3 in Resources */ = {isa = PBXBuildFile; fileRef = E3FAB16F2660269900E6C2C8 /* 3.mp3 */; };
		E3FAB17C2660269900E6C2C8 /* 2.mp3 in Resources */ = {isa = PBXBuildFile; fileRef = E3FAB1702660269900E6C2C8 /* 2.mp3 */; };
		E3FAB17D2660269900E6C2C8 /* 8.mp3 in Resources */ = {isa = PBXBuildFile; fileRef = E3FAB1712660269900E6C2C8 /* 8.mp3 */; };
		E3FAB17E2660269900E6C2C8 /* 10.mp3 in Resources */ = {isa = PBXBuildFile; fileRef = E3FAB1722660269900E6C2C8 /* 10.mp3 */; };
		E3FAB17F2660269900E6C2C8 /* done.mp3 in Resources */ = {isa = PBXBuildFile; fileRef = E3FAB1732660269900E6C2C8 /* done.mp3 */; };
		E3FAB1802660269900E6C2C8 /* 9.mp3 in Resources */ = {isa = PBXBuildFile; fileRef = E3FAB1742660269900E6C2C8 /* 9.mp3 */; };
		E3FAB1812660269900E6C2C8 /* failed.mp3 in Resources */ = {isa = PBXBuildFile; fileRef = E3FAB1752660269900E6C2C8 /* failed.mp3 */; };
		E3FAB1822660269900E6C2C8 /* 6.mp3 in Resources */ = {isa = PBXBuildFile; fileRef = E3FAB1762660269900E6C2C8 /* 6.mp3 */; };
		E3FAB1832660269900E6C2C8 /* 1.mp3 in Resources */ = {isa = PBXBuildFile; fileRef = E3FAB1772660269900E6C2C8 /* 1.mp3 */; };
		E3FAB1842660269900E6C2C8 /* 7.mp3 in Resources */ = {isa = PBXBuildFile; fileRef = E3FAB1782660269900E6C2C8 /* 7.mp3 */; };
		E3FAB1852660269900E6C2C8 /* 5.mp3 in Resources */ = {isa = PBXBuildFile; fileRef = E3FAB1792660269900E6C2C8 /* 5.mp3 */; };
		E3FAB1862660269900E6C2C8 /* 4.mp3 in Resources */ = {isa = PBXBuildFile; fileRef = E3FAB17A2660269900E6C2C8 /* 4.mp3 */; };
		F5C2F3C356E3E066137A6546 /* Pods_hangboardapp.framework in Frameworks */ = {isa = PBXBuildFile; fileRef = 36B0CDB465B821EBD3D9F257 /* Pods_hangboardapp.framework */; };
/* End PBXBuildFile section */

/* Begin PBXContainerItemProxy section */
		00E356F41AD99517003FC87E /* PBXContainerItemProxy */ = {
			isa = PBXContainerItemProxy;
			containerPortal = 83CBB9F71A601CBA00E9B192 /* Project object */;
			proxyType = 1;
			remoteGlobalIDString = 13B07F861A680F5B00A75B9A;
			remoteInfo = hangboardapp;
		};
/* End PBXContainerItemProxy section */

/* Begin PBXFileReference section */
		00E356EE1AD99517003FC87E /* hangboardappTests.xctest */ = {isa = PBXFileReference; explicitFileType = wrapper.cfbundle; includeInIndex = 0; path = hangboardappTests.xctest; sourceTree = BUILT_PRODUCTS_DIR; };
		00E356F11AD99517003FC87E /* Info.plist */ = {isa = PBXFileReference; lastKnownFileType = text.plist.xml; path = Info.plist; sourceTree = "<group>"; };
		00E356F21AD99517003FC87E /* hangboardappTests.m */ = {isa = PBXFileReference; lastKnownFileType = sourcecode.c.objc; path = hangboardappTests.m; sourceTree = "<group>"; };
		13B07F961A680F5B00A75B9A /* hangboardapp.app */ = {isa = PBXFileReference; explicitFileType = wrapper.application; includeInIndex = 0; path = hangboardapp.app; sourceTree = BUILT_PRODUCTS_DIR; };
		13B07FAF1A68108700A75B9A /* AppDelegate.h */ = {isa = PBXFileReference; fileEncoding = 4; lastKnownFileType = sourcecode.c.h; name = AppDelegate.h; path = hangboardapp/AppDelegate.h; sourceTree = "<group>"; };
		13B07FB01A68108700A75B9A /* AppDelegate.m */ = {isa = PBXFileReference; fileEncoding = 4; lastKnownFileType = sourcecode.c.objc; name = AppDelegate.m; path = hangboardapp/AppDelegate.m; sourceTree = "<group>"; };
		13B07FB51A68108700A75B9A /* Images.xcassets */ = {isa = PBXFileReference; lastKnownFileType = folder.assetcatalog; name = Images.xcassets; path = hangboardapp/Images.xcassets; sourceTree = "<group>"; };
		13B07FB61A68108700A75B9A /* Info.plist */ = {isa = PBXFileReference; fileEncoding = 4; lastKnownFileType = text.plist.xml; name = Info.plist; path = hangboardapp/Info.plist; sourceTree = "<group>"; };
		13B07FB71A68108700A75B9A /* main.m */ = {isa = PBXFileReference; fileEncoding = 4; lastKnownFileType = sourcecode.c.objc; name = main.m; path = hangboardapp/main.m; sourceTree = "<group>"; };
		3154D6B5266A9E05009837D5 /* ready.mp3 */ = {isa = PBXFileReference; lastKnownFileType = audio.mp3; name = ready.mp3; path = ../sounds/ready.mp3; sourceTree = "<group>"; };
		3178BDE02669A95600C356D4 /* starthang.mp3 */ = {isa = PBXFileReference; lastKnownFileType = audio.mp3; name = starthang.mp3; path = ../sounds/starthang.mp3; sourceTree = "<group>"; };
		3178BDE12669A95600C356D4 /* stophang.mp3 */ = {isa = PBXFileReference; lastKnownFileType = audio.mp3; name = stophang.mp3; path = ../sounds/stophang.mp3; sourceTree = "<group>"; };
		36B0CDB465B821EBD3D9F257 /* Pods_hangboardapp.framework */ = {isa = PBXFileReference; explicitFileType = wrapper.framework; includeInIndex = 0; path = Pods_hangboardapp.framework; sourceTree = BUILT_PRODUCTS_DIR; };
		68DCD9843AF9A55D6E7E6AD6 /* Pods-hangboardapp-hangboardappTests.release.xcconfig */ = {isa = PBXFileReference; includeInIndex = 1; lastKnownFileType = text.xcconfig; name = "Pods-hangboardapp-hangboardappTests.release.xcconfig"; path = "Target Support Files/Pods-hangboardapp-hangboardappTests/Pods-hangboardapp-hangboardappTests.release.xcconfig"; sourceTree = "<group>"; };
		7B7C1DE275280C5A9E94334F /* Pods-hangboardapp.debug.xcconfig */ = {isa = PBXFileReference; includeInIndex = 1; lastKnownFileType = text.xcconfig; name = "Pods-hangboardapp.debug.xcconfig"; path = "Target Support Files/Pods-hangboardapp/Pods-hangboardapp.debug.xcconfig"; sourceTree = "<group>"; };
		81AB9BB72411601600AC10FF /* LaunchScreen.storyboard */ = {isa = PBXFileReference; fileEncoding = 4; lastKnownFileType = file.storyboard; name = LaunchScreen.storyboard; path = hangboardapp/LaunchScreen.storyboard; sourceTree = "<group>"; };
		84AC78CA7499B73DFCDA4642 /* Pods_hangboardapp_hangboardappTests.framework */ = {isa = PBXFileReference; explicitFileType = wrapper.framework; includeInIndex = 0; path = Pods_hangboardapp_hangboardappTests.framework; sourceTree = BUILT_PRODUCTS_DIR; };
		AFC2A11C0F3413069F845232 /* Pods-hangboardapp.release.xcconfig */ = {isa = PBXFileReference; includeInIndex = 1; lastKnownFileType = text.xcconfig; name = "Pods-hangboardapp.release.xcconfig"; path = "Target Support Files/Pods-hangboardapp/Pods-hangboardapp.release.xcconfig"; sourceTree = "<group>"; };
		E3C7B1352660F8A5008ECD00 /* hangboardapp copy.app */ = {isa = PBXFileReference; explicitFileType = wrapper.application; includeInIndex = 0; path = "hangboardapp copy.app"; sourceTree = BUILT_PRODUCTS_DIR; };
		E3C7B1362660F8A5008ECD00 /* hangboardapp copy-Info.plist */ = {isa = PBXFileReference; lastKnownFileType = text.plist.xml; name = "hangboardapp copy-Info.plist"; path = "/Users/gerolf.ziegenhain.dfs.de/src/hangboard/hangboardapp/ios/hangboardapp copy-Info.plist"; sourceTree = "<absolute>"; };
		E3FAB16F2660269900E6C2C8 /* 3.mp3 */ = {isa = PBXFileReference; lastKnownFileType = audio.mp3; name = 3.mp3; path = ../sounds/3.mp3; sourceTree = "<group>"; };
		E3FAB1702660269900E6C2C8 /* 2.mp3 */ = {isa = PBXFileReference; lastKnownFileType = audio.mp3; name = 2.mp3; path = ../sounds/2.mp3; sourceTree = "<group>"; };
		E3FAB1712660269900E6C2C8 /* 8.mp3 */ = {isa = PBXFileReference; lastKnownFileType = audio.mp3; name = 8.mp3; path = ../sounds/8.mp3; sourceTree = "<group>"; };
		E3FAB1722660269900E6C2C8 /* 10.mp3 */ = {isa = PBXFileReference; lastKnownFileType = audio.mp3; name = 10.mp3; path = ../sounds/10.mp3; sourceTree = "<group>"; };
		E3FAB1732660269900E6C2C8 /* done.mp3 */ = {isa = PBXFileReference; lastKnownFileType = audio.mp3; name = done.mp3; path = ../sounds/done.mp3; sourceTree = "<group>"; };
		E3FAB1742660269900E6C2C8 /* 9.mp3 */ = {isa = PBXFileReference; lastKnownFileType = audio.mp3; name = 9.mp3; path = ../sounds/9.mp3; sourceTree = "<group>"; };
		E3FAB1752660269900E6C2C8 /* failed.mp3 */ = {isa = PBXFileReference; lastKnownFileType = audio.mp3; name = failed.mp3; path = ../sounds/failed.mp3; sourceTree = "<group>"; };
		E3FAB1762660269900E6C2C8 /* 6.mp3 */ = {isa = PBXFileReference; lastKnownFileType = audio.mp3; name = 6.mp3; path = ../sounds/6.mp3; sourceTree = "<group>"; };
		E3FAB1772660269900E6C2C8 /* 1.mp3 */ = {isa = PBXFileReference; lastKnownFileType = audio.mp3; name = 1.mp3; path = ../sounds/1.mp3; sourceTree = "<group>"; };
		E3FAB1782660269900E6C2C8 /* 7.mp3 */ = {isa = PBXFileReference; lastKnownFileType = audio.mp3; name = 7.mp3; path = ../sounds/7.mp3; sourceTree = "<group>"; };
		E3FAB1792660269900E6C2C8 /* 5.mp3 */ = {isa = PBXFileReference; lastKnownFileType = audio.mp3; name = 5.mp3; path = ../sounds/5.mp3; sourceTree = "<group>"; };
		E3FAB17A2660269900E6C2C8 /* 4.mp3 */ = {isa = PBXFileReference; lastKnownFileType = audio.mp3; name = 4.mp3; path = ../sounds/4.mp3; sourceTree = "<group>"; };
		E8CFB2FA69272E1DCC4C5083 /* Pods-hangboardapp-hangboardappTests.debug.xcconfig */ = {isa = PBXFileReference; includeInIndex = 1; lastKnownFileType = text.xcconfig; name = "Pods-hangboardapp-hangboardappTests.debug.xcconfig"; path = "Target Support Files/Pods-hangboardapp-hangboardappTests/Pods-hangboardapp-hangboardappTests.debug.xcconfig"; sourceTree = "<group>"; };
		ED297162215061F000B7C4FE /* JavaScriptCore.framework */ = {isa = PBXFileReference; lastKnownFileType = wrapper.framework; name = JavaScriptCore.framework; path = System/Library/Frameworks/JavaScriptCore.framework; sourceTree = SDKROOT; };
/* End PBXFileReference section */

/* Begin PBXFrameworksBuildPhase section */
		00E356EB1AD99517003FC87E /* Frameworks */ = {
			isa = PBXFrameworksBuildPhase;
			buildActionMask = 2147483647;
			files = (
				DC1BF73273A949792958F2FD /* Pods_hangboardapp_hangboardappTests.framework in Frameworks */,
			);
			runOnlyForDeploymentPostprocessing = 0;
		};
		13B07F8C1A680F5B00A75B9A /* Frameworks */ = {
			isa = PBXFrameworksBuildPhase;
			buildActionMask = 2147483647;
			files = (
				F5C2F3C356E3E066137A6546 /* Pods_hangboardapp.framework in Frameworks */,
			);
			runOnlyForDeploymentPostprocessing = 0;
		};
		E3C7B11E2660F8A5008ECD00 /* Frameworks */ = {
			isa = PBXFrameworksBuildPhase;
			buildActionMask = 2147483647;
			files = (
			);
			runOnlyForDeploymentPostprocessing = 0;
		};
/* End PBXFrameworksBuildPhase section */

/* Begin PBXGroup section */
		00E356EF1AD99517003FC87E /* hangboardappTests */ = {
			isa = PBXGroup;
			children = (
				00E356F21AD99517003FC87E /* hangboardappTests.m */,
				00E356F01AD99517003FC87E /* Supporting Files */,
			);
			path = hangboardappTests;
			sourceTree = "<group>";
		};
		00E356F01AD99517003FC87E /* Supporting Files */ = {
			isa = PBXGroup;
			children = (
				00E356F11AD99517003FC87E /* Info.plist */,
			);
			name = "Supporting Files";
			sourceTree = "<group>";
		};
		13B07FAE1A68108700A75B9A /* hangboardapp */ = {
			isa = PBXGroup;
			children = (
				13B07FAF1A68108700A75B9A /* AppDelegate.h */,
				13B07FB01A68108700A75B9A /* AppDelegate.m */,
				13B07FB51A68108700A75B9A /* Images.xcassets */,
				13B07FB61A68108700A75B9A /* Info.plist */,
				81AB9BB72411601600AC10FF /* LaunchScreen.storyboard */,
				13B07FB71A68108700A75B9A /* main.m */,
			);
			name = hangboardapp;
			sourceTree = "<group>";
		};
		2D16E6871FA4F8E400B85C8A /* Frameworks */ = {
			isa = PBXGroup;
			children = (
				ED297162215061F000B7C4FE /* JavaScriptCore.framework */,
				36B0CDB465B821EBD3D9F257 /* Pods_hangboardapp.framework */,
				84AC78CA7499B73DFCDA4642 /* Pods_hangboardapp_hangboardappTests.framework */,
			);
			name = Frameworks;
			sourceTree = "<group>";
		};
		832341AE1AAA6A7D00B99B32 /* Libraries */ = {
			isa = PBXGroup;
			children = (
			);
			name = Libraries;
			sourceTree = "<group>";
		};
		83CBB9F61A601CBA00E9B192 = {
			isa = PBXGroup;
			children = (
				3154D6B5266A9E05009837D5 /* ready.mp3 */,
				3178BDE02669A95600C356D4 /* starthang.mp3 */,
				3178BDE12669A95600C356D4 /* stophang.mp3 */,
				E3FAB1772660269900E6C2C8 /* 1.mp3 */,
				E3FAB1702660269900E6C2C8 /* 2.mp3 */,
				E3FAB16F2660269900E6C2C8 /* 3.mp3 */,
				E3FAB17A2660269900E6C2C8 /* 4.mp3 */,
				E3FAB1792660269900E6C2C8 /* 5.mp3 */,
				E3FAB1762660269900E6C2C8 /* 6.mp3 */,
				E3FAB1782660269900E6C2C8 /* 7.mp3 */,
				E3FAB1712660269900E6C2C8 /* 8.mp3 */,
				E3FAB1742660269900E6C2C8 /* 9.mp3 */,
				E3FAB1722660269900E6C2C8 /* 10.mp3 */,
				E3FAB1732660269900E6C2C8 /* done.mp3 */,
				E3FAB1752660269900E6C2C8 /* failed.mp3 */,
				13B07FAE1A68108700A75B9A /* hangboardapp */,
				832341AE1AAA6A7D00B99B32 /* Libraries */,
				00E356EF1AD99517003FC87E /* hangboardappTests */,
				83CBBA001A601CBA00E9B192 /* Products */,
				2D16E6871FA4F8E400B85C8A /* Frameworks */,
				B3E94470C60ED88DB6A3FD6E /* Pods */,
				E3C7B1362660F8A5008ECD00 /* hangboardapp copy-Info.plist */,
			);
			indentWidth = 2;
			sourceTree = "<group>";
			tabWidth = 2;
			usesTabs = 0;
		};
		83CBBA001A601CBA00E9B192 /* Products */ = {
			isa = PBXGroup;
			children = (
				13B07F961A680F5B00A75B9A /* hangboardapp.app */,
				00E356EE1AD99517003FC87E /* hangboardappTests.xctest */,
				E3C7B1352660F8A5008ECD00 /* hangboardapp copy.app */,
			);
			name = Products;
			sourceTree = "<group>";
		};
		B3E94470C60ED88DB6A3FD6E /* Pods */ = {
			isa = PBXGroup;
			children = (
				E8CFB2FA69272E1DCC4C5083 /* Pods-hangboardapp-hangboardappTests.debug.xcconfig */,
				68DCD9843AF9A55D6E7E6AD6 /* Pods-hangboardapp-hangboardappTests.release.xcconfig */,
				7B7C1DE275280C5A9E94334F /* Pods-hangboardapp.debug.xcconfig */,
				AFC2A11C0F3413069F845232 /* Pods-hangboardapp.release.xcconfig */,
			);
			path = Pods;
			sourceTree = "<group>";
		};
/* End PBXGroup section */

/* Begin PBXNativeTarget section */
		00E356ED1AD99517003FC87E /* hangboardappTests */ = {
			isa = PBXNativeTarget;
			buildConfigurationList = 00E357021AD99517003FC87E /* Build configuration list for PBXNativeTarget "hangboardappTests" */;
			buildPhases = (
				37AE962574FADAD67C1C2614 /* [CP] Check Pods Manifest.lock */,
				00E356EA1AD99517003FC87E /* Sources */,
				00E356EB1AD99517003FC87E /* Frameworks */,
				00E356EC1AD99517003FC87E /* Resources */,
				6868D039E4F5B11BD2FFA753 /* [CP] Embed Pods Frameworks */,
			);
			buildRules = (
			);
			dependencies = (
				00E356F51AD99517003FC87E /* PBXTargetDependency */,
			);
			name = hangboardappTests;
			productName = hangboardappTests;
			productReference = 00E356EE1AD99517003FC87E /* hangboardappTests.xctest */;
			productType = "com.apple.product-type.bundle.unit-test";
		};
		13B07F861A680F5B00A75B9A /* hangboardapp */ = {
			isa = PBXNativeTarget;
			buildConfigurationList = 13B07F931A680F5B00A75B9A /* Build configuration list for PBXNativeTarget "hangboardapp" */;
			buildPhases = (
				2E1B3910C2A28D0448CF41F8 /* [CP] Check Pods Manifest.lock */,
				FD10A7F022414F080027D42C /* Start Packager */,
				13B07F871A680F5B00A75B9A /* Sources */,
				13B07F8C1A680F5B00A75B9A /* Frameworks */,
				13B07F8E1A680F5B00A75B9A /* Resources */,
				00DD1BFF1BD5951E006B06BC /* Bundle React Native code and images */,
				93CED9BC5931D192607BD788 /* [CP] Embed Pods Frameworks */,
			);
			buildRules = (
			);
			dependencies = (
			);
			name = hangboardapp;
			productName = hangboardapp;
			productReference = 13B07F961A680F5B00A75B9A /* hangboardapp.app */;
			productType = "com.apple.product-type.application";
		};
		E3C7B1182660F8A5008ECD00 /* hangboardapp copy */ = {
			isa = PBXNativeTarget;
			buildConfigurationList = E3C7B1322660F8A5008ECD00 /* Build configuration list for PBXNativeTarget "hangboardapp copy" */;
			buildPhases = (
				E3C7B11A2660F8A5008ECD00 /* Start Packager */,
				E3C7B11B2660F8A5008ECD00 /* Sources */,
				E3C7B11E2660F8A5008ECD00 /* Frameworks */,
				E3C7B1202660F8A5008ECD00 /* Resources */,
				E3C7B12F2660F8A5008ECD00 /* Bundle React Native code and images */,
			);
			buildRules = (
			);
			dependencies = (
			);
			name = "hangboardapp copy";
			productName = hangboardapp;
			productReference = E3C7B1352660F8A5008ECD00 /* hangboardapp copy.app */;
			productType = "com.apple.product-type.application";
		};
/* End PBXNativeTarget section */

/* Begin PBXProject section */
		83CBB9F71A601CBA00E9B192 /* Project object */ = {
			isa = PBXProject;
			attributes = {
				LastUpgradeCheck = 1210;
				TargetAttributes = {
					00E356ED1AD99517003FC87E = {
						CreatedOnToolsVersion = 6.2;
						TestTargetID = 13B07F861A680F5B00A75B9A;
					};
					13B07F861A680F5B00A75B9A = {
						LastSwiftMigration = 1120;
					};
				};
			};
			buildConfigurationList = 83CBB9FA1A601CBA00E9B192 /* Build configuration list for PBXProject "hangboardapp" */;
			compatibilityVersion = "Xcode 12.0";
			developmentRegion = en;
			hasScannedForEncodings = 0;
			knownRegions = (
				en,
				Base,
			);
			mainGroup = 83CBB9F61A601CBA00E9B192;
			productRefGroup = 83CBBA001A601CBA00E9B192 /* Products */;
			projectDirPath = "";
			projectRoot = "";
			targets = (
				13B07F861A680F5B00A75B9A /* hangboardapp */,
				00E356ED1AD99517003FC87E /* hangboardappTests */,
				E3C7B1182660F8A5008ECD00 /* hangboardapp copy */,
			);
		};
/* End PBXProject section */

/* Begin PBXResourcesBuildPhase section */
		00E356EC1AD99517003FC87E /* Resources */ = {
			isa = PBXResourcesBuildPhase;
			buildActionMask = 2147483647;
			files = (
			);
			runOnlyForDeploymentPostprocessing = 0;
		};
		13B07F8E1A680F5B00A75B9A /* Resources */ = {
			isa = PBXResourcesBuildPhase;
			buildActionMask = 2147483647;
			files = (
				3154D6B6266A9E05009837D5 /* ready.mp3 in Resources */,
				E3FAB1832660269900E6C2C8 /* 1.mp3 in Resources */,
				E3FAB1852660269900E6C2C8 /* 5.mp3 in Resources */,
				E3FAB17D2660269900E6C2C8 /* 8.mp3 in Resources */,
				E3FAB17B2660269900E6C2C8 /* 3.mp3 in Resources */,
				E3FAB17C2660269900E6C2C8 /* 2.mp3 in Resources */,
				81AB9BB82411601600AC10FF /* LaunchScreen.storyboard in Resources */,
				E3FAB1802660269900E6C2C8 /* 9.mp3 in Resources */,
				E3FAB1842660269900E6C2C8 /* 7.mp3 in Resources */,
				E3FAB1812660269900E6C2C8 /* failed.mp3 in Resources */,
				13B07FBF1A68108700A75B9A /* Images.xcassets in Resources */,
				E3FAB17E2660269900E6C2C8 /* 10.mp3 in Resources */,
				E3FAB1862660269900E6C2C8 /* 4.mp3 in Resources */,
				3178BDE22669A95600C356D4 /* starthang.mp3 in Resources */,
				E3FAB17F2660269900E6C2C8 /* done.mp3 in Resources */,
				3178BDE32669A95600C356D4 /* stophang.mp3 in Resources */,
				E3FAB1822660269900E6C2C8 /* 6.mp3 in Resources */,
			);
			runOnlyForDeploymentPostprocessing = 0;
		};
		E3C7B1202660F8A5008ECD00 /* Resources */ = {
			isa = PBXResourcesBuildPhase;
			buildActionMask = 2147483647;
			files = (
				E3C7B1212660F8A5008ECD00 /* 1.mp3 in Resources */,
				E3C7B1222660F8A5008ECD00 /* 5.mp3 in Resources */,
				E3C7B1232660F8A5008ECD00 /* 8.mp3 in Resources */,
				E3C7B1242660F8A5008ECD00 /* 3.mp3 in Resources */,
				E3C7B1252660F8A5008ECD00 /* 2.mp3 in Resources */,
				E3C7B1262660F8A5008ECD00 /* LaunchScreen.storyboard in Resources */,
				E3C7B1272660F8A5008ECD00 /* 9.mp3 in Resources */,
				E3C7B1282660F8A5008ECD00 /* 7.mp3 in Resources */,
				E3C7B1292660F8A5008ECD00 /* failed.mp3 in Resources */,
				E3C7B12A2660F8A5008ECD00 /* Images.xcassets in Resources */,
				E3C7B12B2660F8A5008ECD00 /* 10.mp3 in Resources */,
				E3C7B12C2660F8A5008ECD00 /* 4.mp3 in Resources */,
				E3C7B12D2660F8A5008ECD00 /* done.mp3 in Resources */,
				E3C7B12E2660F8A5008ECD00 /* 6.mp3 in Resources */,
			);
			runOnlyForDeploymentPostprocessing = 0;
		};
/* End PBXResourcesBuildPhase section */

/* Begin PBXShellScriptBuildPhase section */
		00DD1BFF1BD5951E006B06BC /* Bundle React Native code and images */ = {
			isa = PBXShellScriptBuildPhase;
			buildActionMask = 2147483647;
			files = (
			);
			inputPaths = (
			);
			name = "Bundle React Native code and images";
			outputPaths = (
			);
			runOnlyForDeploymentPostprocessing = 0;
			shellPath = /bin/sh;
			shellScript = "set -e\n\nexport NODE_BINARY=node\n../node_modules/react-native/scripts/react-native-xcode.sh\n";
		};
		2E1B3910C2A28D0448CF41F8 /* [CP] Check Pods Manifest.lock */ = {
			isa = PBXShellScriptBuildPhase;
			buildActionMask = 2147483647;
			files = (
			);
			inputFileListPaths = (
			);
			inputPaths = (
				"${PODS_PODFILE_DIR_PATH}/Podfile.lock",
				"${PODS_ROOT}/Manifest.lock",
			);
			name = "[CP] Check Pods Manifest.lock";
			outputFileListPaths = (
			);
			outputPaths = (
				"$(DERIVED_FILE_DIR)/Pods-hangboardapp-checkManifestLockResult.txt",
			);
			runOnlyForDeploymentPostprocessing = 0;
			shellPath = /bin/sh;
			shellScript = "diff \"${PODS_PODFILE_DIR_PATH}/Podfile.lock\" \"${PODS_ROOT}/Manifest.lock\" > /dev/null\nif [ $? != 0 ] ; then\n    # print error to STDERR\n    echo \"error: The sandbox is not in sync with the Podfile.lock. Run 'pod install' or update your CocoaPods installation.\" >&2\n    exit 1\nfi\n# This output is used by Xcode 'outputs' to avoid re-running this script phase.\necho \"SUCCESS\" > \"${SCRIPT_OUTPUT_FILE_0}\"\n";
			showEnvVarsInLog = 0;
		};
		37AE962574FADAD67C1C2614 /* [CP] Check Pods Manifest.lock */ = {
			isa = PBXShellScriptBuildPhase;
			buildActionMask = 2147483647;
			files = (
			);
			inputFileListPaths = (
			);
			inputPaths = (
				"${PODS_PODFILE_DIR_PATH}/Podfile.lock",
				"${PODS_ROOT}/Manifest.lock",
			);
			name = "[CP] Check Pods Manifest.lock";
			outputFileListPaths = (
			);
			outputPaths = (
				"$(DERIVED_FILE_DIR)/Pods-hangboardapp-hangboardappTests-checkManifestLockResult.txt",
			);
			runOnlyForDeploymentPostprocessing = 0;
			shellPath = /bin/sh;
			shellScript = "diff \"${PODS_PODFILE_DIR_PATH}/Podfile.lock\" \"${PODS_ROOT}/Manifest.lock\" > /dev/null\nif [ $? != 0 ] ; then\n    # print error to STDERR\n    echo \"error: The sandbox is not in sync with the Podfile.lock. Run 'pod install' or update your CocoaPods installation.\" >&2\n    exit 1\nfi\n# This output is used by Xcode 'outputs' to avoid re-running this script phase.\necho \"SUCCESS\" > \"${SCRIPT_OUTPUT_FILE_0}\"\n";
			showEnvVarsInLog = 0;
		};
		6868D039E4F5B11BD2FFA753 /* [CP] Embed Pods Frameworks */ = {
			isa = PBXShellScriptBuildPhase;
			buildActionMask = 2147483647;
			files = (
			);
			inputFileListPaths = (
				"${PODS_ROOT}/Target Support Files/Pods-hangboardapp-hangboardappTests/Pods-hangboardapp-hangboardappTests-frameworks-${CONFIGURATION}-input-files.xcfilelist",
			);
			name = "[CP] Embed Pods Frameworks";
			outputFileListPaths = (
				"${PODS_ROOT}/Target Support Files/Pods-hangboardapp-hangboardappTests/Pods-hangboardapp-hangboardappTests-frameworks-${CONFIGURATION}-output-files.xcfilelist",
			);
			runOnlyForDeploymentPostprocessing = 0;
			shellPath = /bin/sh;
			shellScript = "\"${PODS_ROOT}/Target Support Files/Pods-hangboardapp-hangboardappTests/Pods-hangboardapp-hangboardappTests-frameworks.sh\"\n";
			showEnvVarsInLog = 0;
		};
		93CED9BC5931D192607BD788 /* [CP] Embed Pods Frameworks */ = {
			isa = PBXShellScriptBuildPhase;
			buildActionMask = 2147483647;
			files = (
			);
			inputFileListPaths = (
				"${PODS_ROOT}/Target Support Files/Pods-hangboardapp/Pods-hangboardapp-frameworks-${CONFIGURATION}-input-files.xcfilelist",
			);
			name = "[CP] Embed Pods Frameworks";
			outputFileListPaths = (
				"${PODS_ROOT}/Target Support Files/Pods-hangboardapp/Pods-hangboardapp-frameworks-${CONFIGURATION}-output-files.xcfilelist",
			);
			runOnlyForDeploymentPostprocessing = 0;
			shellPath = /bin/sh;
			shellScript = "\"${PODS_ROOT}/Target Support Files/Pods-hangboardapp/Pods-hangboardapp-frameworks.sh\"\n";
			showEnvVarsInLog = 0;
		};
		E3C7B11A2660F8A5008ECD00 /* Start Packager */ = {
			isa = PBXShellScriptBuildPhase;
			buildActionMask = 2147483647;
			files = (
			);
			inputFileListPaths = (
			);
			inputPaths = (
			);
			name = "Start Packager";
			outputFileListPaths = (
			);
			outputPaths = (
			);
			runOnlyForDeploymentPostprocessing = 0;
			shellPath = /bin/sh;
			shellScript = "export RCT_METRO_PORT=\"${RCT_METRO_PORT:=8081}\"\necho \"export RCT_METRO_PORT=${RCT_METRO_PORT}\" > \"${SRCROOT}/../node_modules/react-native/scripts/.packager.env\"\nif [ -z \"${RCT_NO_LAUNCH_PACKAGER+xxx}\" ] ; then\n  if nc -w 5 -z localhost ${RCT_METRO_PORT} ; then\n    if ! curl -s \"http://localhost:${RCT_METRO_PORT}/status\" | grep -q \"packager-status:running\" ; then\n      echo \"Port ${RCT_METRO_PORT} already in use, packager is either not running or not running correctly\"\n      exit 2\n    fi\n  else\n    open \"$SRCROOT/../node_modules/react-native/scripts/launchPackager.command\" || echo \"Can't start packager automatically\"\n  fi\nfi\n";
			showEnvVarsInLog = 0;
		};
		E3C7B12F2660F8A5008ECD00 /* Bundle React Native code and images */ = {
			isa = PBXShellScriptBuildPhase;
			buildActionMask = 2147483647;
			files = (
			);
			inputPaths = (
			);
			name = "Bundle React Native code and images";
			outputPaths = (
			);
			runOnlyForDeploymentPostprocessing = 0;
			shellPath = /bin/sh;
			shellScript = "set -e\n\nexport NODE_BINARY=node\n../node_modules/react-native/scripts/react-native-xcode.sh\n\n\n";
		};
		FD10A7F022414F080027D42C /* Start Packager */ = {
			isa = PBXShellScriptBuildPhase;
			buildActionMask = 2147483647;
			files = (
			);
			inputFileListPaths = (
			);
			inputPaths = (
			);
			name = "Start Packager";
			outputFileListPaths = (
			);
			outputPaths = (
			);
			runOnlyForDeploymentPostprocessing = 0;
			shellPath = /bin/sh;
			shellScript = "export RCT_METRO_PORT=\"${RCT_METRO_PORT:=8081}\"\necho \"export RCT_METRO_PORT=${RCT_METRO_PORT}\" > \"${SRCROOT}/../node_modules/react-native/scripts/.packager.env\"\nif [ -z \"${RCT_NO_LAUNCH_PACKAGER+xxx}\" ] ; then\n  if nc -w 5 -z localhost ${RCT_METRO_PORT} ; then\n    if ! curl -s \"http://localhost:${RCT_METRO_PORT}/status\" | grep -q \"packager-status:running\" ; then\n      echo \"Port ${RCT_METRO_PORT} already in use, packager is either not running or not running correctly\"\n      exit 2\n    fi\n  else\n    open \"$SRCROOT/../node_modules/react-native/scripts/launchPackager.command\" || echo \"Can't start packager automatically\"\n  fi\nfi\n";
			showEnvVarsInLog = 0;
		};
/* End PBXShellScriptBuildPhase section */

/* Begin PBXSourcesBuildPhase section */
		00E356EA1AD99517003FC87E /* Sources */ = {
			isa = PBXSourcesBuildPhase;
			buildActionMask = 2147483647;
			files = (
				00E356F31AD99517003FC87E /* hangboardappTests.m in Sources */,
			);
			runOnlyForDeploymentPostprocessing = 0;
		};
		13B07F871A680F5B00A75B9A /* Sources */ = {
			isa = PBXSourcesBuildPhase;
			buildActionMask = 2147483647;
			files = (
				13B07FBC1A68108700A75B9A /* AppDelegate.m in Sources */,
				13B07FC11A68108700A75B9A /* main.m in Sources */,
			);
			runOnlyForDeploymentPostprocessing = 0;
		};
		E3C7B11B2660F8A5008ECD00 /* Sources */ = {
			isa = PBXSourcesBuildPhase;
			buildActionMask = 2147483647;
			files = (
				E3C7B11C2660F8A5008ECD00 /* AppDelegate.m in Sources */,
				E3C7B11D2660F8A5008ECD00 /* main.m in Sources */,
			);
			runOnlyForDeploymentPostprocessing = 0;
		};
/* End PBXSourcesBuildPhase section */

/* Begin PBXTargetDependency section */
		00E356F51AD99517003FC87E /* PBXTargetDependency */ = {
			isa = PBXTargetDependency;
			target = 13B07F861A680F5B00A75B9A /* hangboardapp */;
			targetProxy = 00E356F41AD99517003FC87E /* PBXContainerItemProxy */;
		};
/* End PBXTargetDependency section */

/* Begin XCBuildConfiguration section */
		00E356F61AD99517003FC87E /* Debug */ = {
			isa = XCBuildConfiguration;
			baseConfigurationReference = E8CFB2FA69272E1DCC4C5083 /* Pods-hangboardapp-hangboardappTests.debug.xcconfig */;
			buildSettings = {
				BUNDLE_LOADER = "$(TEST_HOST)";
				GCC_PREPROCESSOR_DEFINITIONS = (
					"DEBUG=1",
					"$(inherited)",
				);
				INFOPLIST_FILE = hangboardappTests/Info.plist;
				IPHONEOS_DEPLOYMENT_TARGET = 10.0;
				LD_RUNPATH_SEARCH_PATHS = (
					"$(inherited)",
					"@executable_path/Frameworks",
					"@loader_path/Frameworks",
				);
				OTHER_LDFLAGS = (
					"-ObjC",
					"-lc++",
					"$(inherited)",
				);
				PRODUCT_BUNDLE_IDENTIFIER = "org.reactjs.native.example.$(PRODUCT_NAME:rfc1034identifier)";
				PRODUCT_NAME = "$(TARGET_NAME)";
				TEST_HOST = "$(BUILT_PRODUCTS_DIR)/hangboardapp.app/hangboardapp";
			};
			name = Debug;
		};
		00E356F71AD99517003FC87E /* Release */ = {
			isa = XCBuildConfiguration;
			baseConfigurationReference = 68DCD9843AF9A55D6E7E6AD6 /* Pods-hangboardapp-hangboardappTests.release.xcconfig */;
			buildSettings = {
				BUNDLE_LOADER = "$(TEST_HOST)";
				COPY_PHASE_STRIP = NO;
				INFOPLIST_FILE = hangboardappTests/Info.plist;
				IPHONEOS_DEPLOYMENT_TARGET = 10.0;
				LD_RUNPATH_SEARCH_PATHS = (
					"$(inherited)",
					"@executable_path/Frameworks",
					"@loader_path/Frameworks",
				);
				OTHER_LDFLAGS = (
					"-ObjC",
					"-lc++",
					"$(inherited)",
				);
				PRODUCT_BUNDLE_IDENTIFIER = "org.reactjs.native.example.$(PRODUCT_NAME:rfc1034identifier)";
				PRODUCT_NAME = "$(TARGET_NAME)";
				TEST_HOST = "$(BUILT_PRODUCTS_DIR)/hangboardapp.app/hangboardapp";
			};
			name = Release;
		};
		13B07F941A680F5B00A75B9A /* Debug */ = {
			isa = XCBuildConfiguration;
			baseConfigurationReference = 7B7C1DE275280C5A9E94334F /* Pods-hangboardapp.debug.xcconfig */;
			buildSettings = {
				ASSETCATALOG_COMPILER_APPICON_NAME = AppIcon;
				CLANG_ENABLE_MODULES = YES;
				CURRENT_PROJECT_VERSION = 1;
				DEVELOPMENT_TEAM = C28S8EFBAD;
				ENABLE_BITCODE = YES;
				GCC_PREPROCESSOR_DEFINITIONS = (
					"COCOAPODS=1",
					"FB_SONARKIT_ENABLED=1",
					"DEBUG=1",
				);
				INFOPLIST_FILE = hangboardapp/Info.plist;
				IPHONEOS_DEPLOYMENT_TARGET = 14.5;
				LD_RUNPATH_SEARCH_PATHS = (
					"$(inherited)",
					"@executable_path/Frameworks",
				);
				OTHER_LDFLAGS = (
					"$(inherited)",
					"-ObjC",
					"-lc++",
				);
				PRODUCT_BUNDLE_IDENTIFIER = "org.reactjs.native.example.$(PRODUCT_NAME:rfc1034identifier)";
				PRODUCT_NAME = hangboardapp;
				SWIFT_OPTIMIZATION_LEVEL = "-Onone";
				SWIFT_VERSION = 5.0;
				VERSIONING_SYSTEM = "apple-generic";
			};
			name = Debug;
		};
		13B07F951A680F5B00A75B9A /* Release */ = {
			isa = XCBuildConfiguration;
			baseConfigurationReference = AFC2A11C0F3413069F845232 /* Pods-hangboardapp.release.xcconfig */;
			buildSettings = {
				ASSETCATALOG_COMPILER_APPICON_NAME = AppIcon;
				CLANG_ENABLE_MODULES = YES;
				CURRENT_PROJECT_VERSION = 1;
				DEVELOPMENT_TEAM = C28S8EFBAD;
				ENABLE_BITCODE = YES;
				INFOPLIST_FILE = hangboardapp/Info.plist;
				IPHONEOS_DEPLOYMENT_TARGET = 14.5;
				LD_RUNPATH_SEARCH_PATHS = (
					"$(inherited)",
					"@executable_path/Frameworks",
				);
				OTHER_LDFLAGS = (
					"$(inherited)",
					"-ObjC",
					"-lc++",
				);
				PRODUCT_BUNDLE_IDENTIFIER = "org.reactjs.native.example.$(PRODUCT_NAME:rfc1034identifier)";
				PRODUCT_NAME = hangboardapp;
				SWIFT_VERSION = 5.0;
				VERSIONING_SYSTEM = "apple-generic";
			};
			name = Release;
		};
		83CBBA201A601CBA00E9B192 /* Debug */ = {
			isa = XCBuildConfiguration;
			buildSettings = {
				ALWAYS_SEARCH_USER_PATHS = NO;
				CLANG_ANALYZER_LOCALIZABILITY_NONLOCALIZED = YES;
				CLANG_CXX_LANGUAGE_STANDARD = "gnu++0x";
				CLANG_CXX_LIBRARY = "libc++";
				CLANG_ENABLE_MODULES = YES;
				CLANG_ENABLE_OBJC_ARC = YES;
				CLANG_WARN_BLOCK_CAPTURE_AUTORELEASING = YES;
				CLANG_WARN_BOOL_CONVERSION = YES;
				CLANG_WARN_COMMA = YES;
				CLANG_WARN_CONSTANT_CONVERSION = YES;
				CLANG_WARN_DEPRECATED_OBJC_IMPLEMENTATIONS = YES;
				CLANG_WARN_DIRECT_OBJC_ISA_USAGE = YES_ERROR;
				CLANG_WARN_EMPTY_BODY = YES;
				CLANG_WARN_ENUM_CONVERSION = YES;
				CLANG_WARN_INFINITE_RECURSION = YES;
				CLANG_WARN_INT_CONVERSION = YES;
				CLANG_WARN_NON_LITERAL_NULL_CONVERSION = YES;
				CLANG_WARN_OBJC_IMPLICIT_RETAIN_SELF = YES;
				CLANG_WARN_OBJC_LITERAL_CONVERSION = YES;
				CLANG_WARN_OBJC_ROOT_CLASS = YES_ERROR;
				CLANG_WARN_QUOTED_INCLUDE_IN_FRAMEWORK_HEADER = YES;
				CLANG_WARN_RANGE_LOOP_ANALYSIS = YES;
				CLANG_WARN_STRICT_PROTOTYPES = YES;
				CLANG_WARN_SUSPICIOUS_MOVE = YES;
				CLANG_WARN_UNREACHABLE_CODE = YES;
				CLANG_WARN__DUPLICATE_METHOD_MATCH = YES;
				"CODE_SIGN_IDENTITY[sdk=iphoneos*]" = "iPhone Developer";
				COPY_PHASE_STRIP = NO;
				ENABLE_STRICT_OBJC_MSGSEND = YES;
				ENABLE_TESTABILITY = YES;
				"EXCLUDED_ARCHS[sdk=iphonesimulator*]" = "arm64 ";
				GCC_C_LANGUAGE_STANDARD = gnu99;
				GCC_DYNAMIC_NO_PIC = NO;
				GCC_NO_COMMON_BLOCKS = YES;
				GCC_OPTIMIZATION_LEVEL = 0;
				GCC_PREPROCESSOR_DEFINITIONS = (
					"DEBUG=1",
					"$(inherited)",
				);
				GCC_SYMBOLS_PRIVATE_EXTERN = NO;
				GCC_WARN_64_TO_32_BIT_CONVERSION = YES;
				GCC_WARN_ABOUT_RETURN_TYPE = YES_ERROR;
				GCC_WARN_UNDECLARED_SELECTOR = YES;
				GCC_WARN_UNINITIALIZED_AUTOS = YES_AGGRESSIVE;
				GCC_WARN_UNUSED_FUNCTION = YES;
				GCC_WARN_UNUSED_VARIABLE = YES;
				IPHONEOS_DEPLOYMENT_TARGET = 10.0;
				LD_RUNPATH_SEARCH_PATHS = (
					/usr/lib/swift,
					"$(inherited)",
				);
				LIBRARY_SEARCH_PATHS = (
					"\"$(TOOLCHAIN_DIR)/usr/lib/swift/$(PLATFORM_NAME)\"",
					"\"$(TOOLCHAIN_DIR)/usr/lib/swift-5.0/$(PLATFORM_NAME)\"",
					"\"$(inherited)\"",
				);
				MTL_ENABLE_DEBUG_INFO = YES;
				ONLY_ACTIVE_ARCH = YES;
				SDKROOT = iphoneos;
			};
			name = Debug;
		};
		83CBBA211A601CBA00E9B192 /* Release */ = {
			isa = XCBuildConfiguration;
			buildSettings = {
				ALWAYS_SEARCH_USER_PATHS = NO;
				CLANG_ANALYZER_LOCALIZABILITY_NONLOCALIZED = YES;
				CLANG_CXX_LANGUAGE_STANDARD = "gnu++0x";
				CLANG_CXX_LIBRARY = "libc++";
				CLANG_ENABLE_MODULES = YES;
				CLANG_ENABLE_OBJC_ARC = YES;
				CLANG_WARN_BLOCK_CAPTURE_AUTORELEASING = YES;
				CLANG_WARN_BOOL_CONVERSION = YES;
				CLANG_WARN_COMMA = YES;
				CLANG_WARN_CONSTANT_CONVERSION = YES;
				CLANG_WARN_DEPRECATED_OBJC_IMPLEMENTATIONS = YES;
				CLANG_WARN_DIRECT_OBJC_ISA_USAGE = YES_ERROR;
				CLANG_WARN_EMPTY_BODY = YES;
				CLANG_WARN_ENUM_CONVERSION = YES;
				CLANG_WARN_INFINITE_RECURSION = YES;
				CLANG_WARN_INT_CONVERSION = YES;
				CLANG_WARN_NON_LITERAL_NULL_CONVERSION = YES;
				CLANG_WARN_OBJC_IMPLICIT_RETAIN_SELF = YES;
				CLANG_WARN_OBJC_LITERAL_CONVERSION = YES;
				CLANG_WARN_OBJC_ROOT_CLASS = YES_ERROR;
				CLANG_WARN_QUOTED_INCLUDE_IN_FRAMEWORK_HEADER = YES;
				CLANG_WARN_RANGE_LOOP_ANALYSIS = YES;
				CLANG_WARN_STRICT_PROTOTYPES = YES;
				CLANG_WARN_SUSPICIOUS_MOVE = YES;
				CLANG_WARN_UNREACHABLE_CODE = YES;
				CLANG_WARN__DUPLICATE_METHOD_MATCH = YES;
				"CODE_SIGN_IDENTITY[sdk=iphoneos*]" = "iPhone Developer";
				COPY_PHASE_STRIP = YES;
				ENABLE_NS_ASSERTIONS = NO;
				ENABLE_STRICT_OBJC_MSGSEND = YES;
				"EXCLUDED_ARCHS[sdk=iphonesimulator*]" = "arm64 ";
				GCC_C_LANGUAGE_STANDARD = gnu99;
				GCC_NO_COMMON_BLOCKS = YES;
				GCC_WARN_64_TO_32_BIT_CONVERSION = YES;
				GCC_WARN_ABOUT_RETURN_TYPE = YES_ERROR;
				GCC_WARN_UNDECLARED_SELECTOR = YES;
				GCC_WARN_UNINITIALIZED_AUTOS = YES_AGGRESSIVE;
				GCC_WARN_UNUSED_FUNCTION = YES;
				GCC_WARN_UNUSED_VARIABLE = YES;
				IPHONEOS_DEPLOYMENT_TARGET = 10.0;
				LD_RUNPATH_SEARCH_PATHS = (
					/usr/lib/swift,
					"$(inherited)",
				);
				LIBRARY_SEARCH_PATHS = (
					"\"$(TOOLCHAIN_DIR)/usr/lib/swift/$(PLATFORM_NAME)\"",
					"\"$(TOOLCHAIN_DIR)/usr/lib/swift-5.0/$(PLATFORM_NAME)\"",
					"\"$(inherited)\"",
				);
				MTL_ENABLE_DEBUG_INFO = NO;
				SDKROOT = iphoneos;
				VALIDATE_PRODUCT = YES;
			};
			name = Release;
		};
		E3C7B1332660F8A5008ECD00 /* Debug */ = {
			isa = XCBuildConfiguration;
			buildSettings = {
				ASSETCATALOG_COMPILER_APPICON_NAME = AppIcon;
				CLANG_ENABLE_MODULES = YES;
				CURRENT_PROJECT_VERSION = 1;
				DEVELOPMENT_TEAM = C28S8EFBAD;
				ENABLE_BITCODE = YES;
				GCC_PREPROCESSOR_DEFINITIONS = (
					"COCOAPODS=1",
					"FB_SONARKIT_ENABLED=1",
				);
				INFOPLIST_FILE = "hangboardapp copy-Info.plist";
				IPHONEOS_DEPLOYMENT_TARGET = 14.5;
				LD_RUNPATH_SEARCH_PATHS = (
					"$(inherited)",
					"@executable_path/Frameworks",
				);
				OTHER_LDFLAGS = (
					"$(inherited)",
					"-ObjC",
					"-lc++",
				);
				PRODUCT_BUNDLE_IDENTIFIER = "org.reactjs.native.example.$(PRODUCT_NAME:rfc1034identifier)";
				PRODUCT_NAME = "$(TARGET_NAME)";
				SWIFT_OPTIMIZATION_LEVEL = "-Onone";
				SWIFT_VERSION = 5.0;
				VERSIONING_SYSTEM = "apple-generic";
			};
			name = Debug;
		};
		E3C7B1342660F8A5008ECD00 /* Release */ = {
			isa = XCBuildConfiguration;
			buildSettings = {
				ASSETCATALOG_COMPILER_APPICON_NAME = AppIcon;
				CLANG_ENABLE_MODULES = YES;
				CURRENT_PROJECT_VERSION = 1;
				DEVELOPMENT_TEAM = C28S8EFBAD;
				ENABLE_BITCODE = YES;
				INFOPLIST_FILE = "hangboardapp copy-Info.plist";
				IPHONEOS_DEPLOYMENT_TARGET = 14.5;
				LD_RUNPATH_SEARCH_PATHS = (
					"$(inherited)",
					"@executable_path/Frameworks",
				);
				OTHER_LDFLAGS = (
					"$(inherited)",
					"-ObjC",
					"-lc++",
				);
				PRODUCT_BUNDLE_IDENTIFIER = "org.reactjs.native.example.$(PRODUCT_NAME:rfc1034identifier)";
				PRODUCT_NAME = "$(TARGET_NAME)";
				SWIFT_VERSION = 5.0;
				VERSIONING_SYSTEM = "apple-generic";
			};
			name = Release;
		};
/* End XCBuildConfiguration section */

/* Begin XCConfigurationList section */
		00E357021AD99517003FC87E /* Build configuration list for PBXNativeTarget "hangboardappTests" */ = {
			isa = XCConfigurationList;
			buildConfigurations = (
				00E356F61AD99517003FC87E /* Debug */,
				00E356F71AD99517003FC87E /* Release */,
			);
			defaultConfigurationIsVisible = 0;
			defaultConfigurationName = Release;
		};
		13B07F931A680F5B00A75B9A /* Build configuration list for PBXNativeTarget "hangboardapp" */ = {
			isa = XCConfigurationList;
			buildConfigurations = (
				13B07F941A680F5B00A75B9A /* Debug */,
				13B07F951A680F5B00A75B9A /* Release */,
			);
			defaultConfigurationIsVisible = 0;
			defaultConfigurationName = Release;
		};
		83CBB9FA1A601CBA00E9B192 /* Build configuration list for PBXProject "hangboardapp" */ = {
			isa = XCConfigurationList;
			buildConfigurations = (
				83CBBA201A601CBA00E9B192 /* Debug */,
				83CBBA211A601CBA00E9B192 /* Release */,
			);
			defaultConfigurationIsVisible = 0;
			defaultConfigurationName = Release;
		};
		E3C7B1322660F8A5008ECD00 /* Build configuration list for PBXNativeTarget "hangboardapp copy" */ = {
			isa = XCConfigurationList;
			buildConfigurations = (
				E3C7B1332660F8A5008ECD00 /* Debug */,
				E3C7B1342660F8A5008ECD00 /* Release */,
			);
			defaultConfigurationIsVisible = 0;
			defaultConfigurationName = Release;
		};
/* End XCConfigurationList section */
	};
	rootObject = 83CBB9F71A601CBA00E9B192 /* Project object */;
}
